// !$*UTF8*$!
{
	archiveVersion = 1;
	classes = {
	};
	objectVersion = 46;
	objects = {

/* Begin PBXBuildFile section */
		6917057728160D2EB02D056A /* libPods.a in Frameworks */ = {isa = PBXBuildFile; fileRef = E9E185B53E6A7F0677C9CDFB /* libPods.a */; };
		BF1BD0571AADE3A200A62442 /* WeatherForecastTests.swift in Sources */ = {isa = PBXBuildFile; fileRef = BF1BD0561AADE3A200A62442 /* WeatherForecastTests.swift */; };
		BF4E0EF41AB9D19E00ABAC61 /* SearchItemTableViewCell.swift in Sources */ = {isa = PBXBuildFile; fileRef = BF4E0EF31AB9D19E00ABAC61 /* SearchItemTableViewCell.swift */; };
		BF4E0EF61AB9D26300ABAC61 /* SearchItem.swift in Sources */ = {isa = PBXBuildFile; fileRef = BF4E0EF51AB9D26300ABAC61 /* SearchItem.swift */; };
		BF4E0EFA1AB9E19C00ABAC61 /* LocationTableViewCell.swift in Sources */ = {isa = PBXBuildFile; fileRef = BF4E0EF91AB9E19C00ABAC61 /* LocationTableViewCell.swift */; };
		BF5A745A1AAE2E760060060A /* Images.xcassets in Resources */ = {isa = PBXBuildFile; fileRef = BF5A74591AAE2E760060060A /* Images.xcassets */; };
		BF5A745C1AAE2F8C0060060A /* TodayViewController.swift in Sources */ = {isa = PBXBuildFile; fileRef = BF5A745B1AAE2F8C0060060A /* TodayViewController.swift */; };
		BF5A745E1AAE2FB30060060A /* ForecastTableViewController.swift in Sources */ = {isa = PBXBuildFile; fileRef = BF5A745D1AAE2FB30060060A /* ForecastTableViewController.swift */; };
		BF5A74601AAE2FD50060060A /* SettingsTableViewController.swift in Sources */ = {isa = PBXBuildFile; fileRef = BF5A745F1AAE2FD50060060A /* SettingsTableViewController.swift */; };
		BF5A74621AAE2FF30060060A /* AppDelegate.swift in Sources */ = {isa = PBXBuildFile; fileRef = BF5A74611AAE2FF30060060A /* AppDelegate.swift */; };
		BF5A746E1AAE36390060060A /* Main.storyboard in Resources */ = {isa = PBXBuildFile; fileRef = BF1BD0441AADE3A200A62442 /* Main.storyboard */; };
		BF5A746F1AAE363E0060060A /* LaunchScreen.xib in Resources */ = {isa = PBXBuildFile; fileRef = BF1BD0491AADE3A200A62442 /* LaunchScreen.xib */; };
		BF5A74701AAE37050060060A /* ProximaNova-Bold.otf in Resources */ = {isa = PBXBuildFile; fileRef = BF5A746A1AAE31F80060060A /* ProximaNova-Bold.otf */; };
		BF5A74711AAE37050060060A /* ProximaNova-Light.otf in Resources */ = {isa = PBXBuildFile; fileRef = BF5A746B1AAE31F80060060A /* ProximaNova-Light.otf */; };
		BF5A74721AAE37050060060A /* ProximaNova-Regular.otf in Resources */ = {isa = PBXBuildFile; fileRef = BF5A746C1AAE31F80060060A /* ProximaNova-Regular.otf */; };
		BF5A74731AAE37050060060A /* ProximaNova-Semibold.otf in Resources */ = {isa = PBXBuildFile; fileRef = BF5A746D1AAE31F80060060A /* ProximaNova-Semibold.otf */; };
		BF5A74751AAE3A640060060A /* LocationViewController.swift in Sources */ = {isa = PBXBuildFile; fileRef = BF5A74741AAE3A640060060A /* LocationViewController.swift */; };
		BF9960431AAF347800F31AF3 /* DataManager.swift in Sources */ = {isa = PBXBuildFile; fileRef = BF9960421AAF347800F31AF3 /* DataManager.swift */; };
		BF9BB83A1AAF1A6C00CDA465 /* ForecastTableViewCell.swift in Sources */ = {isa = PBXBuildFile; fileRef = BF9BB8391AAF1A6C00CDA465 /* ForecastTableViewCell.swift */; };
		BF9BB83C1AAF224800CDA465 /* SettingsTableViewCell.swift in Sources */ = {isa = PBXBuildFile; fileRef = BF9BB83B1AAF224800CDA465 /* SettingsTableViewCell.swift */; };
		BF9BB83E1AAF230600CDA465 /* GroupedTableSectionView.swift in Sources */ = {isa = PBXBuildFile; fileRef = BF9BB83D1AAF230600CDA465 /* GroupedTableSectionView.swift */; };
		BFA317891AB8905E008FF5D4 /* Forecast.swift in Sources */ = {isa = PBXBuildFile; fileRef = BFA317881AB8905E008FF5D4 /* Forecast.swift */; };
		BFA3178B1AB8905F008FF5D4 /* Location.swift in Sources */ = {isa = PBXBuildFile; fileRef = BFA3178A1AB8905F008FF5D4 /* Location.swift */; };
		BFC8FBB81AB5AD210071F21E /* AddLocationTableViewController.swift in Sources */ = {isa = PBXBuildFile; fileRef = BFC8FBB71AB5AD210071F21E /* AddLocationTableViewController.swift */; };
		BFC8FBBA1AB5D68B0071F21E /* PickerViewTableViewCell.swift in Sources */ = {isa = PBXBuildFile; fileRef = BFC8FBB91AB5D68B0071F21E /* PickerViewTableViewCell.swift */; };
		BFC8FBC61AB62AEB0071F21E /* ParseWeatherOperation.swift in Sources */ = {isa = PBXBuildFile; fileRef = BFC8FBC51AB62AEB0071F21E /* ParseWeatherOperation.swift */; };
		BFCFF7501AB307F800715388 /* DataModel.xcdatamodeld in Sources */ = {isa = PBXBuildFile; fileRef = BFCFF74E1AB307F800715388 /* DataModel.xcdatamodeld */; };
		BFEC99281ABC8D67003BCC37 /* ConfigureAppearance.m in Sources */ = {isa = PBXBuildFile; fileRef = BFEC99271ABC8D67003BCC37 /* ConfigureAppearance.m */; };
/* End PBXBuildFile section */

/* Begin PBXContainerItemProxy section */
		BF1BD0511AADE3A200A62442 /* PBXContainerItemProxy */ = {
			isa = PBXContainerItemProxy;
			containerPortal = BF1BD0311AADE3A200A62442 /* Project object */;
			proxyType = 1;
			remoteGlobalIDString = BF1BD0381AADE3A200A62442;
			remoteInfo = WeatherForecast;
		};
/* End PBXContainerItemProxy section */

/* Begin PBXFileReference section */
		9B55F5421F79FC8D95212243 /* Pods.release.xcconfig */ = {isa = PBXFileReference; includeInIndex = 1; lastKnownFileType = text.xcconfig; name = Pods.release.xcconfig; path = "Pods/Target Support Files/Pods/Pods.release.xcconfig"; sourceTree = "<group>"; };
		B0274FA7245E864AA17D2FE9 /* Pods.debug.xcconfig */ = {isa = PBXFileReference; includeInIndex = 1; lastKnownFileType = text.xcconfig; name = Pods.debug.xcconfig; path = "Pods/Target Support Files/Pods/Pods.debug.xcconfig"; sourceTree = "<group>"; };
		BF1BD0391AADE3A200A62442 /* WeatherForecast.app */ = {isa = PBXFileReference; explicitFileType = wrapper.application; includeInIndex = 0; path = WeatherForecast.app; sourceTree = BUILT_PRODUCTS_DIR; };
		BF1BD0451AADE3A200A62442 /* Base */ = {isa = PBXFileReference; lastKnownFileType = file.storyboard; name = Base; path = Base.lproj/Main.storyboard; sourceTree = "<group>"; };
		BF1BD04A1AADE3A200A62442 /* Base */ = {isa = PBXFileReference; lastKnownFileType = file.xib; name = Base; path = Base.lproj/LaunchScreen.xib; sourceTree = "<group>"; };
		BF1BD0501AADE3A200A62442 /* WeatherForecastTests.xctest */ = {isa = PBXFileReference; explicitFileType = wrapper.cfbundle; includeInIndex = 0; path = WeatherForecastTests.xctest; sourceTree = BUILT_PRODUCTS_DIR; };
		BF1BD0551AADE3A200A62442 /* Info.plist */ = {isa = PBXFileReference; lastKnownFileType = text.plist.xml; path = Info.plist; sourceTree = "<group>"; };
		BF1BD0561AADE3A200A62442 /* WeatherForecastTests.swift */ = {isa = PBXFileReference; lastKnownFileType = sourcecode.swift; path = WeatherForecastTests.swift; sourceTree = "<group>"; };
		BF4E0EF31AB9D19E00ABAC61 /* SearchItemTableViewCell.swift */ = {isa = PBXFileReference; fileEncoding = 4; lastKnownFileType = sourcecode.swift; name = SearchItemTableViewCell.swift; path = "Classes/Views/Table View Cells/SearchItemTableViewCell.swift"; sourceTree = "<group>"; };
		BF4E0EF51AB9D26300ABAC61 /* SearchItem.swift */ = {isa = PBXFileReference; fileEncoding = 4; lastKnownFileType = sourcecode.swift; name = SearchItem.swift; path = Classes/Models/SearchItem.swift; sourceTree = "<group>"; };
		BF4E0EF91AB9E19C00ABAC61 /* LocationTableViewCell.swift */ = {isa = PBXFileReference; fileEncoding = 4; lastKnownFileType = sourcecode.swift; name = LocationTableViewCell.swift; path = "Classes/Views/Table View Cells/LocationTableViewCell.swift"; sourceTree = "<group>"; };
		BF5A74591AAE2E760060060A /* Images.xcassets */ = {isa = PBXFileReference; lastKnownFileType = folder.assetcatalog; name = Images.xcassets; path = Resources/Images.xcassets; sourceTree = "<group>"; };
		BF5A745B1AAE2F8C0060060A /* TodayViewController.swift */ = {isa = PBXFileReference; fileEncoding = 4; lastKnownFileType = sourcecode.swift; lineEnding = 0; name = TodayViewController.swift; path = Classes/Controllers/TodayViewController.swift; sourceTree = "<group>"; xcLanguageSpecificationIdentifier = xcode.lang.swift; };
		BF5A745D1AAE2FB30060060A /* ForecastTableViewController.swift */ = {isa = PBXFileReference; fileEncoding = 4; lastKnownFileType = sourcecode.swift; name = ForecastTableViewController.swift; path = Classes/Controllers/ForecastTableViewController.swift; sourceTree = "<group>"; };
		BF5A745F1AAE2FD50060060A /* SettingsTableViewController.swift */ = {isa = PBXFileReference; fileEncoding = 4; lastKnownFileType = sourcecode.swift; lineEnding = 0; name = SettingsTableViewController.swift; path = Classes/Controllers/SettingsTableViewController.swift; sourceTree = "<group>"; xcLanguageSpecificationIdentifier = xcode.lang.swift; };
		BF5A74611AAE2FF30060060A /* AppDelegate.swift */ = {isa = PBXFileReference; fileEncoding = 4; lastKnownFileType = sourcecode.swift; name = AppDelegate.swift; path = "Supporting Files/AppDelegate.swift"; sourceTree = "<group>"; };
		BF5A74631AAE30010060060A /* Info.plist */ = {isa = PBXFileReference; fileEncoding = 4; lastKnownFileType = text.plist.xml; name = Info.plist; path = "Supporting Files/Info.plist"; sourceTree = "<group>"; };
		BF5A746A1AAE31F80060060A /* ProximaNova-Bold.otf */ = {isa = PBXFileReference; lastKnownFileType = file; name = "ProximaNova-Bold.otf"; path = "Resources/Fonts/ProximaNova-Bold.otf"; sourceTree = "<group>"; };
		BF5A746B1AAE31F80060060A /* ProximaNova-Light.otf */ = {isa = PBXFileReference; lastKnownFileType = file; name = "ProximaNova-Light.otf"; path = "Resources/Fonts/ProximaNova-Light.otf"; sourceTree = "<group>"; };
		BF5A746C1AAE31F80060060A /* ProximaNova-Regular.otf */ = {isa = PBXFileReference; lastKnownFileType = file; name = "ProximaNova-Regular.otf"; path = "Resources/Fonts/ProximaNova-Regular.otf"; sourceTree = "<group>"; };
		BF5A746D1AAE31F80060060A /* ProximaNova-Semibold.otf */ = {isa = PBXFileReference; lastKnownFileType = file; name = "ProximaNova-Semibold.otf"; path = "Resources/Fonts/ProximaNova-Semibold.otf"; sourceTree = "<group>"; };
		BF5A74741AAE3A640060060A /* LocationViewController.swift */ = {isa = PBXFileReference; fileEncoding = 4; lastKnownFileType = sourcecode.swift; name = LocationViewController.swift; path = Classes/Controllers/LocationViewController.swift; sourceTree = "<group>"; };
		BF9960421AAF347800F31AF3 /* DataManager.swift */ = {isa = PBXFileReference; fileEncoding = 4; lastKnownFileType = sourcecode.swift; lineEnding = 0; name = DataManager.swift; path = Classes/Models/DataManager.swift; sourceTree = "<group>"; xcLanguageSpecificationIdentifier = xcode.lang.swift; };
		BF9BB8391AAF1A6C00CDA465 /* ForecastTableViewCell.swift */ = {isa = PBXFileReference; fileEncoding = 4; lastKnownFileType = sourcecode.swift; name = ForecastTableViewCell.swift; path = "Classes/Views/Table View Cells/ForecastTableViewCell.swift"; sourceTree = "<group>"; };
		BF9BB83B1AAF224800CDA465 /* SettingsTableViewCell.swift */ = {isa = PBXFileReference; fileEncoding = 4; lastKnownFileType = sourcecode.swift; name = SettingsTableViewCell.swift; path = "Classes/Views/Table View Cells/SettingsTableViewCell.swift"; sourceTree = "<group>"; };
		BF9BB83D1AAF230600CDA465 /* GroupedTableSectionView.swift */ = {isa = PBXFileReference; fileEncoding = 4; lastKnownFileType = sourcecode.swift; lineEnding = 0; name = GroupedTableSectionView.swift; path = "Classes/Views/Table View Cells/GroupedTableSectionView.swift"; sourceTree = "<group>"; xcLanguageSpecificationIdentifier = xcode.lang.swift; };
		BFA317881AB8905E008FF5D4 /* Forecast.swift */ = {isa = PBXFileReference; fileEncoding = 4; lastKnownFileType = sourcecode.swift; name = Forecast.swift; path = Classes/Models/Forecast.swift; sourceTree = "<group>"; };
		BFA3178A1AB8905F008FF5D4 /* Location.swift */ = {isa = PBXFileReference; fileEncoding = 4; lastKnownFileType = sourcecode.swift; name = Location.swift; path = Classes/Models/Location.swift; sourceTree = "<group>"; };
		BFC8FBB71AB5AD210071F21E /* AddLocationTableViewController.swift */ = {isa = PBXFileReference; fileEncoding = 4; lastKnownFileType = sourcecode.swift; name = AddLocationTableViewController.swift; path = Classes/Controllers/AddLocationTableViewController.swift; sourceTree = "<group>"; };
		BFC8FBB91AB5D68B0071F21E /* PickerViewTableViewCell.swift */ = {isa = PBXFileReference; fileEncoding = 4; lastKnownFileType = sourcecode.swift; name = PickerViewTableViewCell.swift; path = "Classes/Views/Table View Cells/PickerViewTableViewCell.swift"; sourceTree = "<group>"; };
		BFC8FBC51AB62AEB0071F21E /* ParseWeatherOperation.swift */ = {isa = PBXFileReference; fileEncoding = 4; lastKnownFileType = sourcecode.swift; lineEnding = 0; name = ParseWeatherOperation.swift; path = Classes/Models/ParseWeatherOperation.swift; sourceTree = "<group>"; xcLanguageSpecificationIdentifier = xcode.lang.swift; };
		BFCFF74A1AB3020500715388 /* WeatherForecast-Bridging-Header.h */ = {isa = PBXFileReference; lastKnownFileType = sourcecode.c.h; path = "WeatherForecast-Bridging-Header.h"; sourceTree = "<group>"; };
		BFCFF74F1AB307F800715388 /* DataModel.xcdatamodel */ = {isa = PBXFileReference; lastKnownFileType = wrapper.xcdatamodel; path = DataModel.xcdatamodel; sourceTree = "<group>"; };
		BFEC99261ABC8D67003BCC37 /* ConfigureAppearance.h */ = {isa = PBXFileReference; fileEncoding = 4; lastKnownFileType = sourcecode.c.h; name = ConfigureAppearance.h; path = "Supporting Files/ConfigureAppearance.h"; sourceTree = "<group>"; };
		BFEC99271ABC8D67003BCC37 /* ConfigureAppearance.m */ = {isa = PBXFileReference; fileEncoding = 4; lastKnownFileType = sourcecode.c.objc; name = ConfigureAppearance.m; path = "Supporting Files/ConfigureAppearance.m"; sourceTree = "<group>"; };
		E9E185B53E6A7F0677C9CDFB /* libPods.a */ = {isa = PBXFileReference; explicitFileType = archive.ar; includeInIndex = 0; path = libPods.a; sourceTree = BUILT_PRODUCTS_DIR; };
/* End PBXFileReference section */

/* Begin PBXFrameworksBuildPhase section */
		BF1BD0361AADE3A200A62442 /* Frameworks */ = {
			isa = PBXFrameworksBuildPhase;
			buildActionMask = 2147483647;
			files = (
				6917057728160D2EB02D056A /* libPods.a in Frameworks */,
			);
			runOnlyForDeploymentPostprocessing = 0;
		};
		BF1BD04D1AADE3A200A62442 /* Frameworks */ = {
			isa = PBXFrameworksBuildPhase;
			buildActionMask = 2147483647;
			files = (
			);
			runOnlyForDeploymentPostprocessing = 0;
		};
/* End PBXFrameworksBuildPhase section */

/* Begin PBXGroup section */
		0DE182401CD42E8BB2246548 /* Pods */ = {
			isa = PBXGroup;
			children = (
				B0274FA7245E864AA17D2FE9 /* Pods.debug.xcconfig */,
				9B55F5421F79FC8D95212243 /* Pods.release.xcconfig */,
			);
			name = Pods;
			sourceTree = "<group>";
		};
		5D43DEF2ECB3F042536AB083 /* Frameworks */ = {
			isa = PBXGroup;
			children = (
				E9E185B53E6A7F0677C9CDFB /* libPods.a */,
			);
			name = Frameworks;
			sourceTree = "<group>";
		};
		BF1BD0301AADE3A200A62442 = {
			isa = PBXGroup;
			children = (
				BF1BD03B1AADE3A200A62442 /* WeatherForecast */,
				BF1BD0531AADE3A200A62442 /* WeatherForecastTests */,
				BF1BD03A1AADE3A200A62442 /* Products */,
				0DE182401CD42E8BB2246548 /* Pods */,
				5D43DEF2ECB3F042536AB083 /* Frameworks */,
			);
			sourceTree = "<group>";
		};
		BF1BD03A1AADE3A200A62442 /* Products */ = {
			isa = PBXGroup;
			children = (
				BF1BD0391AADE3A200A62442 /* WeatherForecast.app */,
				BF1BD0501AADE3A200A62442 /* WeatherForecastTests.xctest */,
			);
			name = Products;
			sourceTree = "<group>";
		};
		BF1BD03B1AADE3A200A62442 /* WeatherForecast */ = {
			isa = PBXGroup;
			children = (
				BF1BD0601AADE59B00A62442 /* Classes */,
				BF1BD03C1AADE3A200A62442 /* Supporting Files */,
				BF1BD0641AADE5DC00A62442 /* Resources */,
			);
			path = WeatherForecast;
			sourceTree = "<group>";
		};
		BF1BD03C1AADE3A200A62442 /* Supporting Files */ = {
			isa = PBXGroup;
			children = (
				BF5A74611AAE2FF30060060A /* AppDelegate.swift */,
				BFEC99261ABC8D67003BCC37 /* ConfigureAppearance.h */,
				BFEC99271ABC8D67003BCC37 /* ConfigureAppearance.m */,
				BFCFF74A1AB3020500715388 /* WeatherForecast-Bridging-Header.h */,
				BF5A74631AAE30010060060A /* Info.plist */,
			);
			name = "Supporting Files";
			sourceTree = "<group>";
		};
		BF1BD0531AADE3A200A62442 /* WeatherForecastTests */ = {
			isa = PBXGroup;
			children = (
				BF1BD0561AADE3A200A62442 /* WeatherForecastTests.swift */,
				BF1BD0541AADE3A200A62442 /* Supporting Files */,
			);
			path = WeatherForecastTests;
			sourceTree = "<group>";
		};
		BF1BD0541AADE3A200A62442 /* Supporting Files */ = {
			isa = PBXGroup;
			children = (
				BF1BD0551AADE3A200A62442 /* Info.plist */,
			);
			name = "Supporting Files";
			sourceTree = "<group>";
		};
		BF1BD0601AADE59B00A62442 /* Classes */ = {
			isa = PBXGroup;
			children = (
				BF1BD0611AADE5B700A62442 /* Models */,
				BF1BD0621AADE5BB00A62442 /* Views */,
				BF1BD0631AADE5C100A62442 /* Controllers */,
			);
			name = Classes;
			sourceTree = "<group>";
		};
		BF1BD0611AADE5B700A62442 /* Models */ = {
			isa = PBXGroup;
			children = (
				BFCFF74E1AB307F800715388 /* DataModel.xcdatamodeld */,
				BF9960421AAF347800F31AF3 /* DataManager.swift */,
				BFA3178A1AB8905F008FF5D4 /* Location.swift */,
				BFA317881AB8905E008FF5D4 /* Forecast.swift */,
				BFC8FBC51AB62AEB0071F21E /* ParseWeatherOperation.swift */,
				BF4E0EF51AB9D26300ABAC61 /* SearchItem.swift */,
			);
			name = Models;
			sourceTree = "<group>";
		};
		BF1BD0621AADE5BB00A62442 /* Views */ = {
			isa = PBXGroup;
			children = (
				BF1BD0441AADE3A200A62442 /* Main.storyboard */,
				BF1BD0491AADE3A200A62442 /* LaunchScreen.xib */,
				BF9BB8381AAF1A4400CDA465 /* Table View Cells */,
			);
			name = Views;
			sourceTree = "<group>";
		};
		BF1BD0631AADE5C100A62442 /* Controllers */ = {
			isa = PBXGroup;
			children = (
				BF5A745B1AAE2F8C0060060A /* TodayViewController.swift */,
				BF5A745D1AAE2FB30060060A /* ForecastTableViewController.swift */,
				BF5A745F1AAE2FD50060060A /* SettingsTableViewController.swift */,
				BF5A74741AAE3A640060060A /* LocationViewController.swift */,
				BFC8FBB71AB5AD210071F21E /* AddLocationTableViewController.swift */,
			);
			name = Controllers;
			sourceTree = "<group>";
		};
		BF1BD0641AADE5DC00A62442 /* Resources */ = {
			isa = PBXGroup;
			children = (
				BF5A74591AAE2E760060060A /* Images.xcassets */,
				BF5A74691AAE31E00060060A /* Fonts */,
			);
			name = Resources;
			sourceTree = "<group>";
		};
		BF5A74691AAE31E00060060A /* Fonts */ = {
			isa = PBXGroup;
			children = (
				BF5A746A1AAE31F80060060A /* ProximaNova-Bold.otf */,
				BF5A746B1AAE31F80060060A /* ProximaNova-Light.otf */,
				BF5A746C1AAE31F80060060A /* ProximaNova-Regular.otf */,
				BF5A746D1AAE31F80060060A /* ProximaNova-Semibold.otf */,
			);
			name = Fonts;
			sourceTree = "<group>";
		};
		BF9BB8381AAF1A4400CDA465 /* Table View Cells */ = {
			isa = PBXGroup;
			children = (
				BF9BB8391AAF1A6C00CDA465 /* ForecastTableViewCell.swift */,
				BF9BB83B1AAF224800CDA465 /* SettingsTableViewCell.swift */,
				BFC8FBB91AB5D68B0071F21E /* PickerViewTableViewCell.swift */,
				BF9BB83D1AAF230600CDA465 /* GroupedTableSectionView.swift */,
				BF4E0EF91AB9E19C00ABAC61 /* LocationTableViewCell.swift */,
				BF4E0EF31AB9D19E00ABAC61 /* SearchItemTableViewCell.swift */,
			);
			name = "Table View Cells";
			sourceTree = "<group>";
		};
/* End PBXGroup section */

/* Begin PBXNativeTarget section */
		BF1BD0381AADE3A200A62442 /* WeatherForecast */ = {
			isa = PBXNativeTarget;
			buildConfigurationList = BF1BD05A1AADE3A200A62442 /* Build configuration list for PBXNativeTarget "WeatherForecast" */;
			buildPhases = (
				67B85C070E5D8EEEC4B86F68 /* Check Pods Manifest.lock */,
				BF1BD0351AADE3A200A62442 /* Sources */,
				BF1BD0361AADE3A200A62442 /* Frameworks */,
				BF1BD0371AADE3A200A62442 /* Resources */,
				715EA61A33E5A4B72DEE5E62 /* Copy Pods Resources */,
			);
			buildRules = (
			);
			dependencies = (
			);
			name = WeatherForecast;
			productName = WeatherForecast;
			productReference = BF1BD0391AADE3A200A62442 /* WeatherForecast.app */;
			productType = "com.apple.product-type.application";
		};
		BF1BD04F1AADE3A200A62442 /* WeatherForecastTests */ = {
			isa = PBXNativeTarget;
			buildConfigurationList = BF1BD05D1AADE3A200A62442 /* Build configuration list for PBXNativeTarget "WeatherForecastTests" */;
			buildPhases = (
				BF1BD04C1AADE3A200A62442 /* Sources */,
				BF1BD04D1AADE3A200A62442 /* Frameworks */,
				BF1BD04E1AADE3A200A62442 /* Resources */,
			);
			buildRules = (
			);
			dependencies = (
				BF1BD0521AADE3A200A62442 /* PBXTargetDependency */,
			);
			name = WeatherForecastTests;
			productName = WeatherForecastTests;
			productReference = BF1BD0501AADE3A200A62442 /* WeatherForecastTests.xctest */;
			productType = "com.apple.product-type.bundle.unit-test";
		};
/* End PBXNativeTarget section */

/* Begin PBXProject section */
		BF1BD0311AADE3A200A62442 /* Project object */ = {
			isa = PBXProject;
			attributes = {
				LastUpgradeCheck = 0620;
				ORGANIZATIONNAME = STRV;
				TargetAttributes = {
					BF1BD0381AADE3A200A62442 = {
						CreatedOnToolsVersion = 6.1.1;
					};
					BF1BD04F1AADE3A200A62442 = {
						CreatedOnToolsVersion = 6.1.1;
						TestTargetID = BF1BD0381AADE3A200A62442;
					};
				};
			};
			buildConfigurationList = BF1BD0341AADE3A200A62442 /* Build configuration list for PBXProject "WeatherForecast" */;
			compatibilityVersion = "Xcode 3.2";
			developmentRegion = English;
			hasScannedForEncodings = 0;
			knownRegions = (
				en,
				Base,
			);
			mainGroup = BF1BD0301AADE3A200A62442;
			productRefGroup = BF1BD03A1AADE3A200A62442 /* Products */;
			projectDirPath = "";
			projectRoot = "";
			targets = (
				BF1BD0381AADE3A200A62442 /* WeatherForecast */,
				BF1BD04F1AADE3A200A62442 /* WeatherForecastTests */,
			);
		};
/* End PBXProject section */

/* Begin PBXResourcesBuildPhase section */
		BF1BD0371AADE3A200A62442 /* Resources */ = {
			isa = PBXResourcesBuildPhase;
			buildActionMask = 2147483647;
			files = (
				BF5A74701AAE37050060060A /* ProximaNova-Bold.otf in Resources */,
				BF5A74711AAE37050060060A /* ProximaNova-Light.otf in Resources */,
				BF5A74721AAE37050060060A /* ProximaNova-Regular.otf in Resources */,
				BF5A74731AAE37050060060A /* ProximaNova-Semibold.otf in Resources */,
				BF5A745A1AAE2E760060060A /* Images.xcassets in Resources */,
				BF5A746E1AAE36390060060A /* Main.storyboard in Resources */,
				BF5A746F1AAE363E0060060A /* LaunchScreen.xib in Resources */,
			);
			runOnlyForDeploymentPostprocessing = 0;
		};
		BF1BD04E1AADE3A200A62442 /* Resources */ = {
			isa = PBXResourcesBuildPhase;
			buildActionMask = 2147483647;
			files = (
			);
			runOnlyForDeploymentPostprocessing = 0;
		};
/* End PBXResourcesBuildPhase section */

/* Begin PBXShellScriptBuildPhase section */
		67B85C070E5D8EEEC4B86F68 /* Check Pods Manifest.lock */ = {
			isa = PBXShellScriptBuildPhase;
			buildActionMask = 2147483647;
			files = (
			);
			inputPaths = (
			);
			name = "Check Pods Manifest.lock";
			outputPaths = (
			);
			runOnlyForDeploymentPostprocessing = 0;
			shellPath = /bin/sh;
			shellScript = "diff \"${PODS_ROOT}/../Podfile.lock\" \"${PODS_ROOT}/Manifest.lock\" > /dev/null\nif [[ $? != 0 ]] ; then\n    cat << EOM\nerror: The sandbox is not in sync with the Podfile.lock. Run 'pod install' or update your CocoaPods installation.\nEOM\n    exit 1\nfi\n";
			showEnvVarsInLog = 0;
		};
		715EA61A33E5A4B72DEE5E62 /* Copy Pods Resources */ = {
			isa = PBXShellScriptBuildPhase;
			buildActionMask = 2147483647;
			files = (
			);
			inputPaths = (
			);
			name = "Copy Pods Resources";
			outputPaths = (
			);
			runOnlyForDeploymentPostprocessing = 0;
			shellPath = /bin/sh;
			shellScript = "\"${SRCROOT}/Pods/Target Support Files/Pods/Pods-resources.sh\"\n";
			showEnvVarsInLog = 0;
		};
/* End PBXShellScriptBuildPhase section */

/* Begin PBXSourcesBuildPhase section */
		BF1BD0351AADE3A200A62442 /* Sources */ = {
			isa = PBXSourcesBuildPhase;
			buildActionMask = 2147483647;
			files = (
				BFEC99281ABC8D67003BCC37 /* ConfigureAppearance.m in Sources */,
				BF4E0EF41AB9D19E00ABAC61 /* SearchItemTableViewCell.swift in Sources */,
				BFC8FBBA1AB5D68B0071F21E /* PickerViewTableViewCell.swift in Sources */,
				BFC8FBC61AB62AEB0071F21E /* ParseWeatherOperation.swift in Sources */,
				BFA317891AB8905E008FF5D4 /* Forecast.swift in Sources */,
				BF9BB83A1AAF1A6C00CDA465 /* ForecastTableViewCell.swift in Sources */,
				BFCFF7501AB307F800715388 /* DataModel.xcdatamodeld in Sources */,
				BF5A74751AAE3A640060060A /* LocationViewController.swift in Sources */,
				BF5A74601AAE2FD50060060A /* SettingsTableViewController.swift in Sources */,
				BFA3178B1AB8905F008FF5D4 /* Location.swift in Sources */,
				BF5A745E1AAE2FB30060060A /* ForecastTableViewController.swift in Sources */,
				BFC8FBB81AB5AD210071F21E /* AddLocationTableViewController.swift in Sources */,
				BF9BB83C1AAF224800CDA465 /* SettingsTableViewCell.swift in Sources */,
				BF4E0EFA1AB9E19C00ABAC61 /* LocationTableViewCell.swift in Sources */,
				BF5A745C1AAE2F8C0060060A /* TodayViewController.swift in Sources */,
				BF9BB83E1AAF230600CDA465 /* GroupedTableSectionView.swift in Sources */,
				BF4E0EF61AB9D26300ABAC61 /* SearchItem.swift in Sources */,
				BF9960431AAF347800F31AF3 /* DataManager.swift in Sources */,
				BF5A74621AAE2FF30060060A /* AppDelegate.swift in Sources */,
			);
			runOnlyForDeploymentPostprocessing = 0;
		};
		BF1BD04C1AADE3A200A62442 /* Sources */ = {
			isa = PBXSourcesBuildPhase;
			buildActionMask = 2147483647;
			files = (
				BF1BD0571AADE3A200A62442 /* WeatherForecastTests.swift in Sources */,
			);
			runOnlyForDeploymentPostprocessing = 0;
		};
/* End PBXSourcesBuildPhase section */

/* Begin PBXTargetDependency section */
		BF1BD0521AADE3A200A62442 /* PBXTargetDependency */ = {
			isa = PBXTargetDependency;
			target = BF1BD0381AADE3A200A62442 /* WeatherForecast */;
			targetProxy = BF1BD0511AADE3A200A62442 /* PBXContainerItemProxy */;
		};
/* End PBXTargetDependency section */

/* Begin PBXVariantGroup section */
		BF1BD0441AADE3A200A62442 /* Main.storyboard */ = {
			isa = PBXVariantGroup;
			children = (
				BF1BD0451AADE3A200A62442 /* Base */,
			);
			name = Main.storyboard;
			sourceTree = "<group>";
		};
		BF1BD0491AADE3A200A62442 /* LaunchScreen.xib */ = {
			isa = PBXVariantGroup;
			children = (
				BF1BD04A1AADE3A200A62442 /* Base */,
			);
			name = LaunchScreen.xib;
			sourceTree = "<group>";
		};
/* End PBXVariantGroup section */

/* Begin XCBuildConfiguration section */
		BF1BD0581AADE3A200A62442 /* Debug */ = {
			isa = XCBuildConfiguration;
			buildSettings = {
				ALWAYS_SEARCH_USER_PATHS = NO;
				CLANG_CXX_LANGUAGE_STANDARD = "gnu++0x";
				CLANG_CXX_LIBRARY = "libc++";
				CLANG_ENABLE_MODULES = YES;
				CLANG_ENABLE_OBJC_ARC = YES;
				CLANG_WARN_BOOL_CONVERSION = YES;
				CLANG_WARN_CONSTANT_CONVERSION = YES;
				CLANG_WARN_DIRECT_OBJC_ISA_USAGE = YES_ERROR;
				CLANG_WARN_EMPTY_BODY = YES;
				CLANG_WARN_ENUM_CONVERSION = YES;
				CLANG_WARN_INT_CONVERSION = YES;
				CLANG_WARN_OBJC_ROOT_CLASS = YES_ERROR;
				CLANG_WARN_UNREACHABLE_CODE = YES;
				CLANG_WARN__DUPLICATE_METHOD_MATCH = YES;
				"CODE_SIGN_IDENTITY[sdk=iphoneos*]" = "iPhone Developer";
				COPY_PHASE_STRIP = NO;
				ENABLE_STRICT_OBJC_MSGSEND = YES;
				GCC_C_LANGUAGE_STANDARD = gnu99;
				GCC_DYNAMIC_NO_PIC = NO;
				GCC_OPTIMIZATION_LEVEL = 0;
				GCC_PREPROCESSOR_DEFINITIONS = (
					"DEBUG=1",
					"$(inherited)",
				);
				GCC_SYMBOLS_PRIVATE_EXTERN = NO;
				GCC_WARN_64_TO_32_BIT_CONVERSION = YES;
				GCC_WARN_ABOUT_RETURN_TYPE = YES_ERROR;
				GCC_WARN_UNDECLARED_SELECTOR = YES;
				GCC_WARN_UNINITIALIZED_AUTOS = YES_AGGRESSIVE;
				GCC_WARN_UNUSED_FUNCTION = YES;
				GCC_WARN_UNUSED_VARIABLE = YES;
				IPHONEOS_DEPLOYMENT_TARGET = 8.1;
				MTL_ENABLE_DEBUG_INFO = YES;
				ONLY_ACTIVE_ARCH = YES;
				SDKROOT = iphoneos;
				SWIFT_OPTIMIZATION_LEVEL = "-Onone";
			};
			name = Debug;
		};
		BF1BD0591AADE3A200A62442 /* Release */ = {
			isa = XCBuildConfiguration;
			buildSettings = {
				ALWAYS_SEARCH_USER_PATHS = NO;
				CLANG_CXX_LANGUAGE_STANDARD = "gnu++0x";
				CLANG_CXX_LIBRARY = "libc++";
				CLANG_ENABLE_MODULES = YES;
				CLANG_ENABLE_OBJC_ARC = YES;
				CLANG_WARN_BOOL_CONVERSION = YES;
				CLANG_WARN_CONSTANT_CONVERSION = YES;
				CLANG_WARN_DIRECT_OBJC_ISA_USAGE = YES_ERROR;
				CLANG_WARN_EMPTY_BODY = YES;
				CLANG_WARN_ENUM_CONVERSION = YES;
				CLANG_WARN_INT_CONVERSION = YES;
				CLANG_WARN_OBJC_ROOT_CLASS = YES_ERROR;
				CLANG_WARN_UNREACHABLE_CODE = YES;
				CLANG_WARN__DUPLICATE_METHOD_MATCH = YES;
				"CODE_SIGN_IDENTITY[sdk=iphoneos*]" = "iPhone Developer";
				COPY_PHASE_STRIP = YES;
				ENABLE_NS_ASSERTIONS = NO;
				ENABLE_STRICT_OBJC_MSGSEND = YES;
				GCC_C_LANGUAGE_STANDARD = gnu99;
				GCC_WARN_64_TO_32_BIT_CONVERSION = YES;
				GCC_WARN_ABOUT_RETURN_TYPE = YES_ERROR;
				GCC_WARN_UNDECLARED_SELECTOR = YES;
				GCC_WARN_UNINITIALIZED_AUTOS = YES_AGGRESSIVE;
				GCC_WARN_UNUSED_FUNCTION = YES;
				GCC_WARN_UNUSED_VARIABLE = YES;
				IPHONEOS_DEPLOYMENT_TARGET = 8.1;
				MTL_ENABLE_DEBUG_INFO = NO;
				SDKROOT = iphoneos;
				VALIDATE_PRODUCT = YES;
			};
			name = Release;
		};
		BF1BD05B1AADE3A200A62442 /* Debug */ = {
			isa = XCBuildConfiguration;
			baseConfigurationReference = B0274FA7245E864AA17D2FE9 /* Pods.debug.xcconfig */;
			buildSettings = {
				ASSETCATALOG_COMPILER_APPICON_NAME = AppIcon;
				CLANG_ENABLE_MODULES = YES;
				INFOPLIST_FILE = "$(SRCROOT)/WeatherForecast/Supporting Files/Info.plist";
				IPHONEOS_DEPLOYMENT_TARGET = 7.1;
				LD_RUNPATH_SEARCH_PATHS = "$(inherited) @executable_path/Frameworks";
				PRODUCT_NAME = "$(TARGET_NAME)";
				SWIFT_OBJC_BRIDGING_HEADER = "WeatherForecast/WeatherForecast-Bridging-Header.h";
				SWIFT_OPTIMIZATION_LEVEL = "-Onone";
			};
			name = Debug;
		};
		BF1BD05C1AADE3A200A62442 /* Release */ = {
			isa = XCBuildConfiguration;
			baseConfigurationReference = 9B55F5421F79FC8D95212243 /* Pods.release.xcconfig */;
			buildSettings = {
				ASSETCATALOG_COMPILER_APPICON_NAME = AppIcon;
				CLANG_ENABLE_MODULES = YES;
				INFOPLIST_FILE = "$(SRCROOT)/WeatherForecast/Supporting Files/Info.plist";
				IPHONEOS_DEPLOYMENT_TARGET = 7.1;
				LD_RUNPATH_SEARCH_PATHS = "$(inherited) @executable_path/Frameworks";
				PRODUCT_NAME = "$(TARGET_NAME)";
				SWIFT_OBJC_BRIDGING_HEADER = "WeatherForecast/WeatherForecast-Bridging-Header.h";
			};
			name = Release;
		};
		BF1BD05E1AADE3A200A62442 /* Debug */ = {
			isa = XCBuildConfiguration;
			buildSettings = {
				BUNDLE_LOADER = "$(TEST_HOST)";
				FRAMEWORK_SEARCH_PATHS = (
					"$(SDKROOT)/Developer/Library/Frameworks",
					"$(inherited)",
				);
				GCC_PREPROCESSOR_DEFINITIONS = (
					"DEBUG=1",
					"$(inherited)",
				);
				INFOPLIST_FILE = WeatherForecastTests/Info.plist;
				LD_RUNPATH_SEARCH_PATHS = "$(inherited) @executable_path/Frameworks @loader_path/Frameworks";
				PRODUCT_NAME = "$(TARGET_NAME)";
				TEST_HOST = "$(BUILT_PRODUCTS_DIR)/WeatherForecast.app/WeatherForecast";
			};
			name = Debug;
		};
		BF1BD05F1AADE3A200A62442 /* Release */ = {
			isa = XCBuildConfiguration;
			buildSettings = {
				BUNDLE_LOADER = "$(TEST_HOST)";
				FRAMEWORK_SEARCH_PATHS = (
					"$(SDKROOT)/Developer/Library/Frameworks",
					"$(inherited)",
				);
				INFOPLIST_FILE = WeatherForecastTests/Info.plist;
				LD_RUNPATH_SEARCH_PATHS = "$(inherited) @executable_path/Frameworks @loader_path/Frameworks";
				PRODUCT_NAME = "$(TARGET_NAME)";
				TEST_HOST = "$(BUILT_PRODUCTS_DIR)/WeatherForecast.app/WeatherForecast";
			};
			name = Release;
		};
/* End XCBuildConfiguration section */

/* Begin XCConfigurationList section */
		BF1BD0341AADE3A200A62442 /* Build configuration list for PBXProject "WeatherForecast" */ = {
			isa = XCConfigurationList;
			buildConfigurations = (
				BF1BD0581AADE3A200A62442 /* Debug */,
				BF1BD0591AADE3A200A62442 /* Release */,
			);
			defaultConfigurationIsVisible = 0;
			defaultConfigurationName = Release;
		};
		BF1BD05A1AADE3A200A62442 /* Build configuration list for PBXNativeTarget "WeatherForecast" */ = {
			isa = XCConfigurationList;
			buildConfigurations = (
				BF1BD05B1AADE3A200A62442 /* Debug */,
				BF1BD05C1AADE3A200A62442 /* Release */,
			);
			defaultConfigurationIsVisible = 0;
			defaultConfigurationName = Release;
		};
		BF1BD05D1AADE3A200A62442 /* Build configuration list for PBXNativeTarget "WeatherForecastTests" */ = {
			isa = XCConfigurationList;
			buildConfigurations = (
				BF1BD05E1AADE3A200A62442 /* Debug */,
				BF1BD05F1AADE3A200A62442 /* Release */,
			);
			defaultConfigurationIsVisible = 0;
			defaultConfigurationName = Release;
		};
/* End XCConfigurationList section */

/* Begin XCVersionGroup section */
		BFCFF74E1AB307F800715388 /* DataModel.xcdatamodeld */ = {
			isa = XCVersionGroup;
			children = (
				BFCFF74F1AB307F800715388 /* DataModel.xcdatamodel */,
			);
			currentVersion = BFCFF74F1AB307F800715388 /* DataModel.xcdatamodel */;
			name = DataModel.xcdatamodeld;
			path = Classes/Models/DataModel.xcdatamodeld;
			sourceTree = "<group>";
			versionGroupType = wrapper.xcdatamodel;
		};
/* End XCVersionGroup section */
	};
	rootObject = BF1BD0311AADE3A200A62442 /* Project object */;
}
